
Microsoft Visual Studio Solution File, Format Version 12.00
# Visual Studio 15
VisualStudioVersion = 15.0.27004.2005
MinimumVisualStudioVersion = 10.0.40219.1
Project("{FAE04EC0-301F-11D3-BF4B-00C04F79EFBC}") = "PowerBot", "PowerBot.csproj", "{D1E3C1C2-A0F7-4F2A-86CB-402CDDE3BD56}"
EndProject
Global
	GlobalSection(SolutionConfigurationPlatforms) = preSolution
		Debug|Any CPU = Debug|Any CPU
		Release|Any CPU = Release|Any CPU
	EndGlobalSection
	GlobalSection(ProjectConfigurationPlatforms) = postSolution
		{D1E3C1C2-A0F7-4F2A-86CB-402CDDE3BD56}.Debug|Any CPU.ActiveCfg = Debug|Any CPU
		{D1E3C1C2-A0F7-4F2A-86CB-402CDDE3BD56}.Debug|Any CPU.Build.0 = Debug|Any CPU
		{D1E3C1C2-A0F7-4F2A-86CB-402CDDE3BD56}.Release|Any CPU.ActiveCfg = Release|Any CPU
		{D1E3C1C2-A0F7-4F2A-86CB-402CDDE3BD56}.Release|Any CPU.Build.0 = Release|Any CPU
	EndGlobalSection
	GlobalSection(SolutionProperties) = preSolution
		HideSolutionNode = FALSE
	EndGlobalSection
	GlobalSection(ExtensibilityGlobals) = postSolution
		SolutionGuid = {06A12B2F-9D78-4DE0-A437-867C4F5B863F}
	EndGlobalSection
EndGlobal
